// !$*UTF8*$!
{
	archiveVersion = 1;
	classes = {
	};
	objectVersion = 46;
	objects = {

/* Begin PBXBuildFile section */
		5EAD91BF1CB04E80001AB4EE /* AppDelegate.swift in Sources */ = {isa = PBXBuildFile; fileRef = 5EAD91BE1CB04E80001AB4EE /* AppDelegate.swift */; };
		5EAD91C11CB04E80001AB4EE /* ViewController.swift in Sources */ = {isa = PBXBuildFile; fileRef = 5EAD91C01CB04E80001AB4EE /* ViewController.swift */; };
		5EAD91C41CB04E80001AB4EE /* Main.storyboard in Resources */ = {isa = PBXBuildFile; fileRef = 5EAD91C21CB04E80001AB4EE /* Main.storyboard */; };
		5EAD91C71CB04E80001AB4EE /* simplelanguage.xcdatamodeld in Sources */ = {isa = PBXBuildFile; fileRef = 5EAD91C51CB04E80001AB4EE /* simplelanguage.xcdatamodeld */; };
		5EAD91C91CB04E80001AB4EE /* Assets.xcassets in Resources */ = {isa = PBXBuildFile; fileRef = 5EAD91C81CB04E80001AB4EE /* Assets.xcassets */; };
		5EAD91CC1CB04E80001AB4EE /* LaunchScreen.storyboard in Resources */ = {isa = PBXBuildFile; fileRef = 5EAD91CA1CB04E80001AB4EE /* LaunchScreen.storyboard */; };
		5EAD91D71CB04E80001AB4EE /* simplelanguageTests.swift in Sources */ = {isa = PBXBuildFile; fileRef = 5EAD91D61CB04E80001AB4EE /* simplelanguageTests.swift */; };
		5EAD91E21CB04E80001AB4EE /* simplelanguageUITests.swift in Sources */ = {isa = PBXBuildFile; fileRef = 5EAD91E11CB04E80001AB4EE /* simplelanguageUITests.swift */; };
/* End PBXBuildFile section */

/* Begin PBXContainerItemProxy section */
		5EAD91D31CB04E80001AB4EE /* PBXContainerItemProxy */ = {
			isa = PBXContainerItemProxy;
			containerPortal = 5EAD91B31CB04E80001AB4EE /* Project object */;
			proxyType = 1;
			remoteGlobalIDString = 5EAD91BA1CB04E80001AB4EE;
			remoteInfo = simplelanguage;
		};
		5EAD91DE1CB04E80001AB4EE /* PBXContainerItemProxy */ = {
			isa = PBXContainerItemProxy;
			containerPortal = 5EAD91B31CB04E80001AB4EE /* Project object */;
			proxyType = 1;
			remoteGlobalIDString = 5EAD91BA1CB04E80001AB4EE;
			remoteInfo = simplelanguage;
		};
/* End PBXContainerItemProxy section */

/* Begin PBXFileReference section */
		5EAD91BB1CB04E80001AB4EE /* simplelanguage.app */ = {isa = PBXFileReference; explicitFileType = wrapper.application; includeInIndex = 0; path = simplelanguage.app; sourceTree = BUILT_PRODUCTS_DIR; };
		5EAD91BE1CB04E80001AB4EE /* AppDelegate.swift */ = {isa = PBXFileReference; lastKnownFileType = sourcecode.swift; path = AppDelegate.swift; sourceTree = "<group>"; };
		5EAD91C01CB04E80001AB4EE /* ViewController.swift */ = {isa = PBXFileReference; lastKnownFileType = sourcecode.swift; path = ViewController.swift; sourceTree = "<group>"; };
		5EAD91C31CB04E80001AB4EE /* Base */ = {isa = PBXFileReference; lastKnownFileType = file.storyboard; name = Base; path = Base.lproj/Main.storyboard; sourceTree = "<group>"; };
		5EAD91C61CB04E80001AB4EE /* simplelanguage.xcdatamodel */ = {isa = PBXFileReference; lastKnownFileType = wrapper.xcdatamodel; path = simplelanguage.xcdatamodel; sourceTree = "<group>"; };
		5EAD91C81CB04E80001AB4EE /* Assets.xcassets */ = {isa = PBXFileReference; lastKnownFileType = folder.assetcatalog; path = Assets.xcassets; sourceTree = "<group>"; };
		5EAD91CB1CB04E80001AB4EE /* Base */ = {isa = PBXFileReference; lastKnownFileType = file.storyboard; name = Base; path = Base.lproj/LaunchScreen.storyboard; sourceTree = "<group>"; };
		5EAD91CD1CB04E80001AB4EE /* Info.plist */ = {isa = PBXFileReference; lastKnownFileType = text.plist.xml; path = Info.plist; sourceTree = "<group>"; };
		5EAD91D21CB04E80001AB4EE /* simplelanguageTests.xctest */ = {isa = PBXFileReference; explicitFileType = wrapper.cfbundle; includeInIndex = 0; path = simplelanguageTests.xctest; sourceTree = BUILT_PRODUCTS_DIR; };
		5EAD91D61CB04E80001AB4EE /* simplelanguageTests.swift */ = {isa = PBXFileReference; lastKnownFileType = sourcecode.swift; path = simplelanguageTests.swift; sourceTree = "<group>"; };
		5EAD91D81CB04E80001AB4EE /* Info.plist */ = {isa = PBXFileReference; lastKnownFileType = text.plist.xml; path = Info.plist; sourceTree = "<group>"; };
		5EAD91DD1CB04E80001AB4EE /* simplelanguageUITests.xctest */ = {isa = PBXFileReference; explicitFileType = wrapper.cfbundle; includeInIndex = 0; path = simplelanguageUITests.xctest; sourceTree = BUILT_PRODUCTS_DIR; };
		5EAD91E11CB04E80001AB4EE /* simplelanguageUITests.swift */ = {isa = PBXFileReference; lastKnownFileType = sourcecode.swift; path = simplelanguageUITests.swift; sourceTree = "<group>"; };
		5EAD91E31CB04E80001AB4EE /* Info.plist */ = {isa = PBXFileReference; lastKnownFileType = text.plist.xml; path = Info.plist; sourceTree = "<group>"; };
/* End PBXFileReference section */

/* Begin PBXFrameworksBuildPhase section */
		5EAD91B81CB04E80001AB4EE /* Frameworks */ = {
			isa = PBXFrameworksBuildPhase;
			buildActionMask = 2147483647;
			files = (
			);
			runOnlyForDeploymentPostprocessing = 0;
		};
		5EAD91CF1CB04E80001AB4EE /* Frameworks */ = {
			isa = PBXFrameworksBuildPhase;
			buildActionMask = 2147483647;
			files = (
			);
			runOnlyForDeploymentPostprocessing = 0;
		};
		5EAD91DA1CB04E80001AB4EE /* Frameworks */ = {
			isa = PBXFrameworksBuildPhase;
			buildActionMask = 2147483647;
			files = (
			);
			runOnlyForDeploymentPostprocessing = 0;
		};
/* End PBXFrameworksBuildPhase section */

/* Begin PBXGroup section */
		5EAD91B21CB04E80001AB4EE = {
			isa = PBXGroup;
			children = (
				5EAD91BD1CB04E80001AB4EE /* simplelanguage */,
				5EAD91D51CB04E80001AB4EE /* simplelanguageTests */,
				5EAD91E01CB04E80001AB4EE /* simplelanguageUITests */,
				5EAD91BC1CB04E80001AB4EE /* Products */,
			);
			sourceTree = "<group>";
		};
		5EAD91BC1CB04E80001AB4EE /* Products */ = {
			isa = PBXGroup;
			children = (
				5EAD91BB1CB04E80001AB4EE /* simplelanguage.app */,
				5EAD91D21CB04E80001AB4EE /* simplelanguageTests.xctest */,
				5EAD91DD1CB04E80001AB4EE /* simplelanguageUITests.xctest */,
			);
			name = Products;
			sourceTree = "<group>";
		};
		5EAD91BD1CB04E80001AB4EE /* simplelanguage */ = {
			isa = PBXGroup;
			children = (
				5EAD91BE1CB04E80001AB4EE /* AppDelegate.swift */,
				5EAD91C01CB04E80001AB4EE /* ViewController.swift */,
				5EAD91C21CB04E80001AB4EE /* Main.storyboard */,
				5EAD91C81CB04E80001AB4EE /* Assets.xcassets */,
				5EAD91CA1CB04E80001AB4EE /* LaunchScreen.storyboard */,
				5EAD91CD1CB04E80001AB4EE /* Info.plist */,
				5EAD91C51CB04E80001AB4EE /* simplelanguage.xcdatamodeld */,
			);
			path = simplelanguage;
			sourceTree = "<group>";
		};
		5EAD91D51CB04E80001AB4EE /* simplelanguageTests */ = {
			isa = PBXGroup;
			children = (
				5EAD91D61CB04E80001AB4EE /* simplelanguageTests.swift */,
				5EAD91D81CB04E80001AB4EE /* Info.plist */,
			);
			path = simplelanguageTests;
			sourceTree = "<group>";
		};
		5EAD91E01CB04E80001AB4EE /* simplelanguageUITests */ = {
			isa = PBXGroup;
			children = (
				5EAD91E11CB04E80001AB4EE /* simplelanguageUITests.swift */,
				5EAD91E31CB04E80001AB4EE /* Info.plist */,
			);
			path = simplelanguageUITests;
			sourceTree = "<group>";
		};
/* End PBXGroup section */

/* Begin PBXNativeTarget section */
		5EAD91BA1CB04E80001AB4EE /* simplelanguage */ = {
			isa = PBXNativeTarget;
			buildConfigurationList = 5EAD91E61CB04E80001AB4EE /* Build configuration list for PBXNativeTarget "simplelanguage" */;
			buildPhases = (
				5EAD91B71CB04E80001AB4EE /* Sources */,
				5EAD91B81CB04E80001AB4EE /* Frameworks */,
				5EAD91B91CB04E80001AB4EE /* Resources */,
			);
			buildRules = (
			);
			dependencies = (
			);
			name = simplelanguage;
			productName = simplelanguage;
			productReference = 5EAD91BB1CB04E80001AB4EE /* simplelanguage.app */;
			productType = "com.apple.product-type.application";
		};
		5EAD91D11CB04E80001AB4EE /* simplelanguageTests */ = {
			isa = PBXNativeTarget;
			buildConfigurationList = 5EAD91E91CB04E80001AB4EE /* Build configuration list for PBXNativeTarget "simplelanguageTests" */;
			buildPhases = (
				5EAD91CE1CB04E80001AB4EE /* Sources */,
				5EAD91CF1CB04E80001AB4EE /* Frameworks */,
				5EAD91D01CB04E80001AB4EE /* Resources */,
			);
			buildRules = (
			);
			dependencies = (
				5EAD91D41CB04E80001AB4EE /* PBXTargetDependency */,
			);
			name = simplelanguageTests;
			productName = simplelanguageTests;
			productReference = 5EAD91D21CB04E80001AB4EE /* simplelanguageTests.xctest */;
			productType = "com.apple.product-type.bundle.unit-test";
		};
		5EAD91DC1CB04E80001AB4EE /* simplelanguageUITests */ = {
			isa = PBXNativeTarget;
			buildConfigurationList = 5EAD91EC1CB04E80001AB4EE /* Build configuration list for PBXNativeTarget "simplelanguageUITests" */;
			buildPhases = (
				5EAD91D91CB04E80001AB4EE /* Sources */,
				5EAD91DA1CB04E80001AB4EE /* Frameworks */,
				5EAD91DB1CB04E80001AB4EE /* Resources */,
			);
			buildRules = (
			);
			dependencies = (
				5EAD91DF1CB04E80001AB4EE /* PBXTargetDependency */,
			);
			name = simplelanguageUITests;
			productName = simplelanguageUITests;
			productReference = 5EAD91DD1CB04E80001AB4EE /* simplelanguageUITests.xctest */;
			productType = "com.apple.product-type.bundle.ui-testing";
		};
/* End PBXNativeTarget section */

/* Begin PBXProject section */
		5EAD91B31CB04E80001AB4EE /* Project object */ = {
			isa = PBXProject;
			attributes = {
				LastSwiftUpdateCheck = 0730;
				LastUpgradeCheck = 0730;
				ORGANIZATIONNAME = "Simple Language for Adoptive Families";
				TargetAttributes = {
					5EAD91BA1CB04E80001AB4EE = {
						CreatedOnToolsVersion = 7.3;
						DevelopmentTeam = GXQXQLJ2E7;
					};
					5EAD91D11CB04E80001AB4EE = {
						CreatedOnToolsVersion = 7.3;
						DevelopmentTeam = GXQXQLJ2E7;
						TestTargetID = 5EAD91BA1CB04E80001AB4EE;
					};
					5EAD91DC1CB04E80001AB4EE = {
						CreatedOnToolsVersion = 7.3;
						DevelopmentTeam = GXQXQLJ2E7;
						TestTargetID = 5EAD91BA1CB04E80001AB4EE;
					};
				};
			};
			buildConfigurationList = 5EAD91B61CB04E80001AB4EE /* Build configuration list for PBXProject "simplelanguage" */;
			compatibilityVersion = "Xcode 3.2";
			developmentRegion = English;
			hasScannedForEncodings = 0;
			knownRegions = (
				en,
				Base,
			);
			mainGroup = 5EAD91B21CB04E80001AB4EE;
			productRefGroup = 5EAD91BC1CB04E80001AB4EE /* Products */;
			projectDirPath = "";
			projectRoot = "";
			targets = (
				5EAD91BA1CB04E80001AB4EE /* simplelanguage */,
				5EAD91D11CB04E80001AB4EE /* simplelanguageTests */,
				5EAD91DC1CB04E80001AB4EE /* simplelanguageUITests */,
			);
		};
/* End PBXProject section */

/* Begin PBXResourcesBuildPhase section */
		5EAD91B91CB04E80001AB4EE /* Resources */ = {
			isa = PBXResourcesBuildPhase;
			buildActionMask = 2147483647;
			files = (
				5EAD91CC1CB04E80001AB4EE /* LaunchScreen.storyboard in Resources */,
				5EAD91C91CB04E80001AB4EE /* Assets.xcassets in Resources */,
				5EAD91C41CB04E80001AB4EE /* Main.storyboard in Resources */,
			);
			runOnlyForDeploymentPostprocessing = 0;
		};
		5EAD91D01CB04E80001AB4EE /* Resources */ = {
			isa = PBXResourcesBuildPhase;
			buildActionMask = 2147483647;
			files = (
			);
			runOnlyForDeploymentPostprocessing = 0;
		};
		5EAD91DB1CB04E80001AB4EE /* Resources */ = {
			isa = PBXResourcesBuildPhase;
			buildActionMask = 2147483647;
			files = (
			);
			runOnlyForDeploymentPostprocessing = 0;
		};
/* End PBXResourcesBuildPhase section */

/* Begin PBXSourcesBuildPhase section */
		5EAD91B71CB04E80001AB4EE /* Sources */ = {
			isa = PBXSourcesBuildPhase;
			buildActionMask = 2147483647;
			files = (
				5EAD91C11CB04E80001AB4EE /* ViewController.swift in Sources */,
				5EAD91C71CB04E80001AB4EE /* simplelanguage.xcdatamodeld in Sources */,
				5EAD91BF1CB04E80001AB4EE /* AppDelegate.swift in Sources */,
			);
			runOnlyForDeploymentPostprocessing = 0;
		};
		5EAD91CE1CB04E80001AB4EE /* Sources */ = {
			isa = PBXSourcesBuildPhase;
			buildActionMask = 2147483647;
			files = (
				5EAD91D71CB04E80001AB4EE /* simplelanguageTests.swift in Sources */,
			);
			runOnlyForDeploymentPostprocessing = 0;
		};
		5EAD91D91CB04E80001AB4EE /* Sources */ = {
			isa = PBXSourcesBuildPhase;
			buildActionMask = 2147483647;
			files = (
				5EAD91E21CB04E80001AB4EE /* simplelanguageUITests.swift in Sources */,
			);
			runOnlyForDeploymentPostprocessing = 0;
		};
/* End PBXSourcesBuildPhase section */

/* Begin PBXTargetDependency section */
		5EAD91D41CB04E80001AB4EE /* PBXTargetDependency */ = {
			isa = PBXTargetDependency;
			target = 5EAD91BA1CB04E80001AB4EE /* simplelanguage */;
			targetProxy = 5EAD91D31CB04E80001AB4EE /* PBXContainerItemProxy */;
		};
		5EAD91DF1CB04E80001AB4EE /* PBXTargetDependency */ = {
			isa = PBXTargetDependency;
			target = 5EAD91BA1CB04E80001AB4EE /* simplelanguage */;
			targetProxy = 5EAD91DE1CB04E80001AB4EE /* PBXContainerItemProxy */;
		};
/* End PBXTargetDependency section */

/* Begin PBXVariantGroup section */
		5EAD91C21CB04E80001AB4EE /* Main.storyboard */ = {
			isa = PBXVariantGroup;
			children = (
				5EAD91C31CB04E80001AB4EE /* Base */,
			);
			name = Main.storyboard;
			sourceTree = "<group>";
		};
		5EAD91CA1CB04E80001AB4EE /* LaunchScreen.storyboard */ = {
			isa = PBXVariantGroup;
			children = (
				5EAD91CB1CB04E80001AB4EE /* Base */,
			);
			name = LaunchScreen.storyboard;
			sourceTree = "<group>";
		};
/* End PBXVariantGroup section */

/* Begin XCBuildConfiguration section */
		5EAD91E41CB04E80001AB4EE /* Debug */ = {
			isa = XCBuildConfiguration;
			buildSettings = {
				ALWAYS_SEARCH_USER_PATHS = NO;
				CLANG_ANALYZER_NONNULL = YES;
				CLANG_CXX_LANGUAGE_STANDARD = "gnu++0x";
				CLANG_CXX_LIBRARY = "libc++";
				CLANG_ENABLE_MODULES = YES;
				CLANG_ENABLE_OBJC_ARC = YES;
				CLANG_WARN_BOOL_CONVERSION = YES;
				CLANG_WARN_CONSTANT_CONVERSION = YES;
				CLANG_WARN_DIRECT_OBJC_ISA_USAGE = YES_ERROR;
				CLANG_WARN_EMPTY_BODY = YES;
				CLANG_WARN_ENUM_CONVERSION = YES;
				CLANG_WARN_INT_CONVERSION = YES;
				CLANG_WARN_OBJC_ROOT_CLASS = YES_ERROR;
				CLANG_WARN_UNREACHABLE_CODE = YES;
				CLANG_WARN__DUPLICATE_METHOD_MATCH = YES;
				"CODE_SIGN_IDENTITY[sdk=iphoneos*]" = "iPhone Developer";
				COPY_PHASE_STRIP = NO;
				DEBUG_INFORMATION_FORMAT = dwarf;
				ENABLE_STRICT_OBJC_MSGSEND = YES;
				ENABLE_TESTABILITY = YES;
				GCC_C_LANGUAGE_STANDARD = gnu99;
				GCC_DYNAMIC_NO_PIC = NO;
				GCC_NO_COMMON_BLOCKS = YES;
				GCC_OPTIMIZATION_LEVEL = 0;
				GCC_PREPROCESSOR_DEFINITIONS = (
					"DEBUG=1",
					"$(inherited)",
				);
				GCC_WARN_64_TO_32_BIT_CONVERSION = YES;
				GCC_WARN_ABOUT_RETURN_TYPE = YES_ERROR;
				GCC_WARN_UNDECLARED_SELECTOR = YES;
				GCC_WARN_UNINITIALIZED_AUTOS = YES_AGGRESSIVE;
				GCC_WARN_UNUSED_FUNCTION = YES;
				GCC_WARN_UNUSED_VARIABLE = YES;
				IPHONEOS_DEPLOYMENT_TARGET = 9.3;
				MTL_ENABLE_DEBUG_INFO = YES;
				ONLY_ACTIVE_ARCH = YES;
				SDKROOT = iphoneos;
				SWIFT_OPTIMIZATION_LEVEL = "-Onone";
				TARGETED_DEVICE_FAMILY = "1,2";
			};
			name = Debug;
		};
		5EAD91E51CB04E80001AB4EE /* Release */ = {
			isa = XCBuildConfiguration;
			buildSettings = {
				ALWAYS_SEARCH_USER_PATHS = NO;
				CLANG_ANALYZER_NONNULL = YES;
				CLANG_CXX_LANGUAGE_STANDARD = "gnu++0x";
				CLANG_CXX_LIBRARY = "libc++";
				CLANG_ENABLE_MODULES = YES;
				CLANG_ENABLE_OBJC_ARC = YES;
				CLANG_WARN_BOOL_CONVERSION = YES;
				CLANG_WARN_CONSTANT_CONVERSION = YES;
				CLANG_WARN_DIRECT_OBJC_ISA_USAGE = YES_ERROR;
				CLANG_WARN_EMPTY_BODY = YES;
				CLANG_WARN_ENUM_CONVERSION = YES;
				CLANG_WARN_INT_CONVERSION = YES;
				CLANG_WARN_OBJC_ROOT_CLASS = YES_ERROR;
				CLANG_WARN_UNREACHABLE_CODE = YES;
				CLANG_WARN__DUPLICATE_METHOD_MATCH = YES;
				"CODE_SIGN_IDENTITY[sdk=iphoneos*]" = "iPhone Developer";
				COPY_PHASE_STRIP = NO;
				DEBUG_INFORMATION_FORMAT = "dwarf-with-dsym";
				ENABLE_NS_ASSERTIONS = NO;
				ENABLE_STRICT_OBJC_MSGSEND = YES;
				GCC_C_LANGUAGE_STANDARD = gnu99;
				GCC_NO_COMMON_BLOCKS = YES;
				GCC_WARN_64_TO_32_BIT_CONVERSION = YES;
				GCC_WARN_ABOUT_RETURN_TYPE = YES_ERROR;
				GCC_WARN_UNDECLARED_SELECTOR = YES;
				GCC_WARN_UNINITIALIZED_AUTOS = YES_AGGRESSIVE;
				GCC_WARN_UNUSED_FUNCTION = YES;
				GCC_WARN_UNUSED_VARIABLE = YES;
				IPHONEOS_DEPLOYMENT_TARGET = 9.3;
				MTL_ENABLE_DEBUG_INFO = NO;
				SDKROOT = iphoneos;
				TARGETED_DEVICE_FAMILY = "1,2";
				VALIDATE_PRODUCT = YES;
			};
			name = Release;
		};
		5EAD91E71CB04E80001AB4EE /* Debug */ = {
			isa = XCBuildConfiguration;
			buildSettings = {
				ASSETCATALOG_COMPILER_APPICON_NAME = AppIcon;
				INFOPLIST_FILE = simplelanguage/Info.plist;
				LD_RUNPATH_SEARCH_PATHS = "$(inherited) @executable_path/Frameworks";
				PRODUCT_BUNDLE_IDENTIFIER = com.slfaf.simplelanguage.simplelanguage;
				PRODUCT_NAME = "$(TARGET_NAME)";
			};
			name = Debug;
		};
		5EAD91E81CB04E80001AB4EE /* Release */ = {
			isa = XCBuildConfiguration;
			buildSettings = {
				ASSETCATALOG_COMPILER_APPICON_NAME = AppIcon;
				INFOPLIST_FILE = simplelanguage/Info.plist;
				LD_RUNPATH_SEARCH_PATHS = "$(inherited) @executable_path/Frameworks";
				PRODUCT_BUNDLE_IDENTIFIER = com.slfaf.simplelanguage.simplelanguage;
				PRODUCT_NAME = "$(TARGET_NAME)";
			};
			name = Release;
		};
		5EAD91EA1CB04E80001AB4EE /* Debug */ = {
			isa = XCBuildConfiguration;
			buildSettings = {
				BUNDLE_LOADER = "$(TEST_HOST)";
				INFOPLIST_FILE = simplelanguageTests/Info.plist;
				LD_RUNPATH_SEARCH_PATHS = "$(inherited) @executable_path/Frameworks @loader_path/Frameworks";
				PRODUCT_BUNDLE_IDENTIFIER = com.slfaf.simplelanguage.simplelanguageTests;
				PRODUCT_NAME = "$(TARGET_NAME)";
				TEST_HOST = "$(BUILT_PRODUCTS_DIR)/simplelanguage.app/simplelanguage";
			};
			name = Debug;
		};
		5EAD91EB1CB04E80001AB4EE /* Release */ = {
			isa = XCBuildConfiguration;
			buildSettings = {
				BUNDLE_LOADER = "$(TEST_HOST)";
				INFOPLIST_FILE = simplelanguageTests/Info.plist;
				LD_RUNPATH_SEARCH_PATHS = "$(inherited) @executable_path/Frameworks @loader_path/Frameworks";
				PRODUCT_BUNDLE_IDENTIFIER = com.slfaf.simplelanguage.simplelanguageTests;
				PRODUCT_NAME = "$(TARGET_NAME)";
				TEST_HOST = "$(BUILT_PRODUCTS_DIR)/simplelanguage.app/simplelanguage";
			};
			name = Release;
		};
		5EAD91ED1CB04E80001AB4EE /* Debug */ = {
			isa = XCBuildConfiguration;
			buildSettings = {
				INFOPLIST_FILE = simplelanguageUITests/Info.plist;
				LD_RUNPATH_SEARCH_PATHS = "$(inherited) @executable_path/Frameworks @loader_path/Frameworks";
				PRODUCT_BUNDLE_IDENTIFIER = com.slfaf.simplelanguage.simplelanguageUITests;
				PRODUCT_NAME = "$(TARGET_NAME)";
				TEST_TARGET_NAME = simplelanguage;
			};
			name = Debug;
		};
		5EAD91EE1CB04E80001AB4EE /* Release */ = {
			isa = XCBuildConfiguration;
			buildSettings = {
				INFOPLIST_FILE = simplelanguageUITests/Info.plist;
				LD_RUNPATH_SEARCH_PATHS = "$(inherited) @executable_path/Frameworks @loader_path/Frameworks";
				PRODUCT_BUNDLE_IDENTIFIER = com.slfaf.simplelanguage.simplelanguageUITests;
				PRODUCT_NAME = "$(TARGET_NAME)";
				TEST_TARGET_NAME = simplelanguage;
			};
			name = Release;
		};
/* End XCBuildConfiguration section */

/* Begin XCConfigurationList section */
		5EAD91B61CB04E80001AB4EE /* Build configuration list for PBXProject "simplelanguage" */ = {
			isa = XCConfigurationList;
			buildConfigurations = (
				5EAD91E41CB04E80001AB4EE /* Debug */,
				5EAD91E51CB04E80001AB4EE /* Release */,
			);
			defaultConfigurationIsVisible = 0;
			defaultConfigurationName = Release;
		};
		5EAD91E61CB04E80001AB4EE /* Build configuration list for PBXNativeTarget "simplelanguage" */ = {
			isa = XCConfigurationList;
			buildConfigurations = (
				5EAD91E71CB04E80001AB4EE /* Debug */,
				5EAD91E81CB04E80001AB4EE /* Release */,
			);
			defaultConfigurationIsVisible = 0;
		};
		5EAD91E91CB04E80001AB4EE /* Build configuration list for PBXNativeTarget "simplelanguageTests" */ = {
			isa = XCConfigurationList;
			buildConfigurations = (
				5EAD91EA1CB04E80001AB4EE /* Debug */,
				5EAD91EB1CB04E80001AB4EE /* Release */,
			);
			defaultConfigurationIsVisible = 0;
		};
		5EAD91EC1CB04E80001AB4EE /* Build configuration list for PBXNativeTarget "simplelanguageUITests" */ = {
			isa = XCConfigurationList;
			buildConfigurations = (
				5EAD91ED1CB04E80001AB4EE /* Debug */,
				5EAD91EE1CB04E80001AB4EE /* Release */,
			);
			defaultConfigurationIsVisible = 0;
		};
/* End XCConfigurationList section */

/* Begin XCVersionGroup section */
		5EAD91C51CB04E80001AB4EE /* simplelanguage.xcdatamodeld */ = {
			isa = XCVersionGroup;
			children = (
				5EAD91C61CB04E80001AB4EE /* simplelanguage.xcdatamodel */,
			);
			currentVersion = 5EAD91C61CB04E80001AB4EE /* simplelanguage.xcdatamodel */;
			path = simplelanguage.xcdatamodeld;
			sourceTree = "<group>";
			versionGroupType = wrapper.xcdatamodel;
		};
/* End XCVersionGroup section */
	};
	rootObject = 5EAD91B31CB04E80001AB4EE /* Project object */;
}
